// !$*UTF8*$!
{
	archiveVersion = 1;
	classes = {
	};
	objectVersion = 55;
	objects = {

/* Begin PBXBuildFile section */
		7A44ED5827E74C5100962C5E /* iCryptoApp.swift in Sources */ = {isa = PBXBuildFile; fileRef = 7A44ED5727E74C5100962C5E /* iCryptoApp.swift */; };
		7A44ED5A27E74C5100962C5E /* ContentView.swift in Sources */ = {isa = PBXBuildFile; fileRef = 7A44ED5927E74C5100962C5E /* ContentView.swift */; };
		7A44ED5C27E74C5400962C5E /* Assets.xcassets in Resources */ = {isa = PBXBuildFile; fileRef = 7A44ED5B27E74C5400962C5E /* Assets.xcassets */; };
		7A44ED5F27E74C5400962C5E /* Preview Assets.xcassets in Resources */ = {isa = PBXBuildFile; fileRef = 7A44ED5E27E74C5400962C5E /* Preview Assets.xcassets */; };
		7A44ED6627E74E0E00962C5E /* CryptoAPI-Manager.swift in Sources */ = {isa = PBXBuildFile; fileRef = 7A44ED6527E74E0E00962C5E /* CryptoAPI-Manager.swift */; };
		7A44ED6827E7569F00962C5E /* Content-ViewModel.swift in Sources */ = {isa = PBXBuildFile; fileRef = 7A44ED6727E7569F00962C5E /* Content-ViewModel.swift */; };
		7A44ED6B27E75B5D00962C5E /* Crypto-Model.swift in Sources */ = {isa = PBXBuildFile; fileRef = 7A44ED6A27E75B5D00962C5E /* Crypto-Model.swift */; };
/* End PBXBuildFile section */

/* Begin PBXFileReference section */
		7A44ED5427E74C5100962C5E /* iCrypto.app */ = {isa = PBXFileReference; explicitFileType = wrapper.application; includeInIndex = 0; path = iCrypto.app; sourceTree = BUILT_PRODUCTS_DIR; };
		7A44ED5727E74C5100962C5E /* iCryptoApp.swift */ = {isa = PBXFileReference; lastKnownFileType = sourcecode.swift; path = iCryptoApp.swift; sourceTree = "<group>"; };
		7A44ED5927E74C5100962C5E /* ContentView.swift */ = {isa = PBXFileReference; lastKnownFileType = sourcecode.swift; path = ContentView.swift; sourceTree = "<group>"; };
		7A44ED5B27E74C5400962C5E /* Assets.xcassets */ = {isa = PBXFileReference; lastKnownFileType = folder.assetcatalog; path = Assets.xcassets; sourceTree = "<group>"; };
		7A44ED5E27E74C5400962C5E /* Preview Assets.xcassets */ = {isa = PBXFileReference; lastKnownFileType = folder.assetcatalog; path = "Preview Assets.xcassets"; sourceTree = "<group>"; };
		7A44ED6527E74E0E00962C5E /* CryptoAPI-Manager.swift */ = {isa = PBXFileReference; lastKnownFileType = sourcecode.swift; path = "CryptoAPI-Manager.swift"; sourceTree = "<group>"; };
		7A44ED6727E7569F00962C5E /* Content-ViewModel.swift */ = {isa = PBXFileReference; lastKnownFileType = sourcecode.swift; path = "Content-ViewModel.swift"; sourceTree = "<group>"; };
		7A44ED6A27E75B5D00962C5E /* Crypto-Model.swift */ = {isa = PBXFileReference; lastKnownFileType = sourcecode.swift; path = "Crypto-Model.swift"; sourceTree = "<group>"; };
/* End PBXFileReference section */

/* Begin PBXFrameworksBuildPhase section */
		7A44ED5127E74C5100962C5E /* Frameworks */ = {
			isa = PBXFrameworksBuildPhase;
			buildActionMask = 2147483647;
			files = (
			);
			runOnlyForDeploymentPostprocessing = 0;
		};
/* End PBXFrameworksBuildPhase section */

/* Begin PBXGroup section */
		7A44ED4B27E74C5100962C5E = {
			isa = PBXGroup;
			children = (
				7A44ED5627E74C5100962C5E /* iCrypto */,
				7A44ED5527E74C5100962C5E /* Products */,
			);
			sourceTree = "<group>";
		};
		7A44ED5527E74C5100962C5E /* Products */ = {
			isa = PBXGroup;
			children = (
				7A44ED5427E74C5100962C5E /* iCrypto.app */,
			);
			name = Products;
			sourceTree = "<group>";
		};
		7A44ED5627E74C5100962C5E /* iCrypto */ = {
			isa = PBXGroup;
			children = (
				7A44ED5727E74C5100962C5E /* iCryptoApp.swift */,
				7A44ED6927E75B4C00962C5E /* API */,
				7A44ED6C27E75BEB00962C5E /* ContentView */,
				7A44ED5B27E74C5400962C5E /* Assets.xcassets */,
				7A44ED5D27E74C5400962C5E /* Preview Content */,
			);
			path = iCrypto;
			sourceTree = "<group>";
		};
		7A44ED5D27E74C5400962C5E /* Preview Content */ = {
			isa = PBXGroup;
			children = (
				7A44ED5E27E74C5400962C5E /* Preview Assets.xcassets */,
			);
			path = "Preview Content";
			sourceTree = "<group>";
		};
		7A44ED6927E75B4C00962C5E /* API */ = {
			isa = PBXGroup;
			children = (
				7A44ED6A27E75B5D00962C5E /* Crypto-Model.swift */,
				7A44ED6527E74E0E00962C5E /* CryptoAPI-Manager.swift */,
			);
			path = API;
			sourceTree = "<group>";
		};
		7A44ED6C27E75BEB00962C5E /* ContentView */ = {
			isa = PBXGroup;
			children = (
				7A44ED5927E74C5100962C5E /* ContentView.swift */,
				7A44ED6727E7569F00962C5E /* Content-ViewModel.swift */,
			);
			path = ContentView;
			sourceTree = "<group>";
		};
/* End PBXGroup section */

/* Begin PBXNativeTarget section */
		7A44ED5327E74C5100962C5E /* iCrypto */ = {
			isa = PBXNativeTarget;
			buildConfigurationList = 7A44ED6227E74C5400962C5E /* Build configuration list for PBXNativeTarget "iCrypto" */;
			buildPhases = (
				7A44ED5027E74C5100962C5E /* Sources */,
				7A44ED5127E74C5100962C5E /* Frameworks */,
				7A44ED5227E74C5100962C5E /* Resources */,
			);
			buildRules = (
			);
			dependencies = (
			);
			name = iCrypto;
			productName = iCrypto;
			productReference = 7A44ED5427E74C5100962C5E /* iCrypto.app */;
			productType = "com.apple.product-type.application";
		};
/* End PBXNativeTarget section */

/* Begin PBXProject section */
		7A44ED4C27E74C5100962C5E /* Project object */ = {
			isa = PBXProject;
			attributes = {
				BuildIndependentTargetsInParallel = 1;
				LastSwiftUpdateCheck = 1330;
				LastUpgradeCheck = 1330;
				TargetAttributes = {
					7A44ED5327E74C5100962C5E = {
						CreatedOnToolsVersion = 13.3;
					};
				};
			};
			buildConfigurationList = 7A44ED4F27E74C5100962C5E /* Build configuration list for PBXProject "iCrypto" */;
			compatibilityVersion = "Xcode 13.0";
			developmentRegion = en;
			hasScannedForEncodings = 0;
			knownRegions = (
				en,
				Base,
			);
			mainGroup = 7A44ED4B27E74C5100962C5E;
			productRefGroup = 7A44ED5527E74C5100962C5E /* Products */;
			projectDirPath = "";
			projectRoot = "";
			targets = (
				7A44ED5327E74C5100962C5E /* iCrypto */,
			);
		};
/* End PBXProject section */

/* Begin PBXResourcesBuildPhase section */
		7A44ED5227E74C5100962C5E /* Resources */ = {
			isa = PBXResourcesBuildPhase;
			buildActionMask = 2147483647;
			files = (
				7A44ED5F27E74C5400962C5E /* Preview Assets.xcassets in Resources */,
				7A44ED5C27E74C5400962C5E /* Assets.xcassets in Resources */,
			);
			runOnlyForDeploymentPostprocessing = 0;
		};
/* End PBXResourcesBuildPhase section */

/* Begin PBXSourcesBuildPhase section */
		7A44ED5027E74C5100962C5E /* Sources */ = {
			isa = PBXSourcesBuildPhase;
			buildActionMask = 2147483647;
			files = (
				7A44ED6627E74E0E00962C5E /* CryptoAPI-Manager.swift in Sources */,
				7A44ED6B27E75B5D00962C5E /* Crypto-Model.swift in Sources */,
				7A44ED5A27E74C5100962C5E /* ContentView.swift in Sources */,
				7A44ED6827E7569F00962C5E /* Content-ViewModel.swift in Sources */,
				7A44ED5827E74C5100962C5E /* iCryptoApp.swift in Sources */,
			);
			runOnlyForDeploymentPostprocessing = 0;
		};
/* End PBXSourcesBuildPhase section */

/* Begin XCBuildConfiguration section */
		7A44ED6027E74C5400962C5E /* Debug */ = {
			isa = XCBuildConfiguration;
			buildSettings = {
				ALWAYS_SEARCH_USER_PATHS = NO;
				CLANG_ANALYZER_NONNULL = YES;
				CLANG_ANALYZER_NUMBER_OBJECT_CONVERSION = YES_AGGRESSIVE;
				CLANG_CXX_LANGUAGE_STANDARD = "gnu++17";
				CLANG_ENABLE_MODULES = YES;
				CLANG_ENABLE_OBJC_ARC = YES;
				CLANG_ENABLE_OBJC_WEAK = YES;
				CLANG_WARN_BLOCK_CAPTURE_AUTORELEASING = YES;
				CLANG_WARN_BOOL_CONVERSION = YES;
				CLANG_WARN_COMMA = YES;
				CLANG_WARN_CONSTANT_CONVERSION = YES;
				CLANG_WARN_DEPRECATED_OBJC_IMPLEMENTATIONS = YES;
				CLANG_WARN_DIRECT_OBJC_ISA_USAGE = YES_ERROR;
				CLANG_WARN_DOCUMENTATION_COMMENTS = YES;
				CLANG_WARN_EMPTY_BODY = YES;
				CLANG_WARN_ENUM_CONVERSION = YES;
				CLANG_WARN_INFINITE_RECURSION = YES;
				CLANG_WARN_INT_CONVERSION = YES;
				CLANG_WARN_NON_LITERAL_NULL_CONVERSION = YES;
				CLANG_WARN_OBJC_IMPLICIT_RETAIN_SELF = YES;
				CLANG_WARN_OBJC_LITERAL_CONVERSION = YES;
				CLANG_WARN_OBJC_ROOT_CLASS = YES_ERROR;
				CLANG_WARN_QUOTED_INCLUDE_IN_FRAMEWORK_HEADER = YES;
				CLANG_WARN_RANGE_LOOP_ANALYSIS = YES;
				CLANG_WARN_STRICT_PROTOTYPES = YES;
				CLANG_WARN_SUSPICIOUS_MOVE = YES;
				CLANG_WARN_UNGUARDED_AVAILABILITY = YES_AGGRESSIVE;
				CLANG_WARN_UNREACHABLE_CODE = YES;
				CLANG_WARN__DUPLICATE_METHOD_MATCH = YES;
				COPY_PHASE_STRIP = NO;
				DEBUG_INFORMATION_FORMAT = dwarf;
				ENABLE_STRICT_OBJC_MSGSEND = YES;
				ENABLE_TESTABILITY = YES;
				GCC_C_LANGUAGE_STANDARD = gnu11;
				GCC_DYNAMIC_NO_PIC = NO;
				GCC_NO_COMMON_BLOCKS = YES;
				GCC_OPTIMIZATION_LEVEL = 0;
				GCC_PREPROCESSOR_DEFINITIONS = (
					"DEBUG=1",
					"$(inherited)",
				);
				GCC_WARN_64_TO_32_BIT_CONVERSION = YES;
				GCC_WARN_ABOUT_RETURN_TYPE = YES_ERROR;
				GCC_WARN_UNDECLARED_SELECTOR = YES;
				GCC_WARN_UNINITIALIZED_AUTOS = YES_AGGRESSIVE;
				GCC_WARN_UNUSED_FUNCTION = YES;
				GCC_WARN_UNUSED_VARIABLE = YES;
				IPHONEOS_DEPLOYMENT_TARGET = 15.4;
				MTL_ENABLE_DEBUG_INFO = INCLUDE_SOURCE;
				MTL_FAST_MATH = YES;
				ONLY_ACTIVE_ARCH = YES;
				SDKROOT = iphoneos;
				SWIFT_ACTIVE_COMPILATION_CONDITIONS = DEBUG;
				SWIFT_OPTIMIZATION_LEVEL = "-Onone";
			};
			name = Debug;
		};
		7A44ED6127E74C5400962C5E /* Release */ = {
			isa = XCBuildConfiguration;
			buildSettings = {
				ALWAYS_SEARCH_USER_PATHS = NO;
				CLANG_ANALYZER_NONNULL = YES;
				CLANG_ANALYZER_NUMBER_OBJECT_CONVERSION = YES_AGGRESSIVE;
				CLANG_CXX_LANGUAGE_STANDARD = "gnu++17";
				CLANG_ENABLE_MODULES = YES;
				CLANG_ENABLE_OBJC_ARC = YES;
				CLANG_ENABLE_OBJC_WEAK = YES;
				CLANG_WARN_BLOCK_CAPTURE_AUTORELEASING = YES;
				CLANG_WARN_BOOL_CONVERSION = YES;
				CLANG_WARN_COMMA = YES;
				CLANG_WARN_CONSTANT_CONVERSION = YES;
				CLANG_WARN_DEPRECATED_OBJC_IMPLEMENTATIONS = YES;
				CLANG_WARN_DIRECT_OBJC_ISA_USAGE = YES_ERROR;
				CLANG_WARN_DOCUMENTATION_COMMENTS = YES;
				CLANG_WARN_EMPTY_BODY = YES;
				CLANG_WARN_ENUM_CONVERSION = YES;
				CLANG_WARN_INFINITE_RECURSION = YES;
				CLANG_WARN_INT_CONVERSION = YES;
				CLANG_WARN_NON_LITERAL_NULL_CONVERSION = YES;
				CLANG_WARN_OBJC_IMPLICIT_RETAIN_SELF = YES;
				CLANG_WARN_OBJC_LITERAL_CONVERSION = YES;
				CLANG_WARN_OBJC_ROOT_CLASS = YES_ERROR;
				CLANG_WARN_QUOTED_INCLUDE_IN_FRAMEWORK_HEADER = YES;
				CLANG_WARN_RANGE_LOOP_ANALYSIS = YES;
				CLANG_WARN_STRICT_PROTOTYPES = YES;
				CLANG_WARN_SUSPICIOUS_MOVE = YES;
				CLANG_WARN_UNGUARDED_AVAILABILITY = YES_AGGRESSIVE;
				CLANG_WARN_UNREACHABLE_CODE = YES;
				CLANG_WARN__DUPLICATE_METHOD_MATCH = YES;
				COPY_PHASE_STRIP = NO;
				DEBUG_INFORMATION_FORMAT = "dwarf-with-dsym";
				ENABLE_NS_ASSERTIONS = NO;
				ENABLE_STRICT_OBJC_MSGSEND = YES;
				GCC_C_LANGUAGE_STANDARD = gnu11;
				GCC_NO_COMMON_BLOCKS = YES;
				GCC_WARN_64_TO_32_BIT_CONVERSION = YES;
				GCC_WARN_ABOUT_RETURN_TYPE = YES_ERROR;
				GCC_WARN_UNDECLARED_SELECTOR = YES;
				GCC_WARN_UNINITIALIZED_AUTOS = YES_AGGRESSIVE;
				GCC_WARN_UNUSED_FUNCTION = YES;
				GCC_WARN_UNUSED_VARIABLE = YES;
				IPHONEOS_DEPLOYMENT_TARGET = 15.4;
				MTL_ENABLE_DEBUG_INFO = NO;
				MTL_FAST_MATH = YES;
				SDKROOT = iphoneos;
				SWIFT_COMPILATION_MODE = wholemodule;
				SWIFT_OPTIMIZATION_LEVEL = "-O";
				VALIDATE_PRODUCT = YES;
			};
			name = Release;
		};
		7A44ED6327E74C5400962C5E /* Debug */ = {
			isa = XCBuildConfiguration;
			buildSettings = {
				ASSETCATALOG_COMPILER_APPICON_NAME = AppIcon;
				ASSETCATALOG_COMPILER_GLOBAL_ACCENT_COLOR_NAME = AccentColor;
				CODE_SIGN_STYLE = Automatic;
				CURRENT_PROJECT_VERSION = 1;
				DEVELOPMENT_ASSET_PATHS = "\"iCrypto/Preview Content\"";
				ENABLE_PREVIEWS = YES;
				GENERATE_INFOPLIST_FILE = YES;
				INFOPLIST_KEY_UIApplicationSceneManifest_Generation = YES;
				INFOPLIST_KEY_UIApplicationSupportsIndirectInputEvents = YES;
				INFOPLIST_KEY_UILaunchScreen_Generation = YES;
				INFOPLIST_KEY_UISupportedInterfaceOrientations_iPad = "UIInterfaceOrientationPortrait UIInterfaceOrientationPortraitUpsideDown UIInterfaceOrientationLandscapeLeft UIInterfaceOrientationLandscapeRight";
				INFOPLIST_KEY_UISupportedInterfaceOrientations_iPhone = "UIInterfaceOrientationPortrait UIInterfaceOrientationLandscapeLeft UIInterfaceOrientationLandscapeRight";
				LD_RUNPATH_SEARCH_PATHS = (
					"$(inherited)",
					"@executable_path/Frameworks",
				);
				MARKETING_VERSION = 1.0;
				PRODUCT_BUNDLE_IDENTIFIER = com.codepalace.iCrypto;
				PRODUCT_NAME = "$(TARGET_NAME)";
				SWIFT_EMIT_LOC_STRINGS = YES;
				SWIFT_VERSION = 5.0;
				TARGETED_DEVICE_FAMILY = "1,2";
			};
			name = Debug;
		};
		7A44ED6427E74C5400962C5E /* Release */ = {
			isa = XCBuildConfiguration;
			buildSettings = {
				ASSETCATALOG_COMPILER_APPICON_NAME = AppIcon;
				ASSETCATALOG_COMPILER_GLOBAL_ACCENT_COLOR_NAME = AccentColor;
				CODE_SIGN_STYLE = Automatic;
				CURRENT_PROJECT_VERSION = 1;
				DEVELOPMENT_ASSET_PATHS = "\"iCrypto/Preview Content\"";
				ENABLE_PREVIEWS = YES;
				GENERATE_INFOPLIST_FILE = YES;
				INFOPLIST_KEY_UIApplicationSceneManifest_Generation = YES;
				INFOPLIST_KEY_UIApplicationSupportsIndirectInputEvents = YES;
				INFOPLIST_KEY_UILaunchScreen_Generation = YES;
				INFOPLIST_KEY_UISupportedInterfaceOrientations_iPad = "UIInterfaceOrientationPortrait UIInterfaceOrientationPortraitUpsideDown UIInterfaceOrientationLandscapeLeft UIInterfaceOrientationLandscapeRight";
				INFOPLIST_KEY_UISupportedInterfaceOrientations_iPhone = "UIInterfaceOrientationPortrait UIInterfaceOrientationLandscapeLeft UIInterfaceOrientationLandscapeRight";
				LD_RUNPATH_SEARCH_PATHS = (
					"$(inherited)",
					"@executable_path/Frameworks",
				);
				MARKETING_VERSION = 1.0;
				PRODUCT_BUNDLE_IDENTIFIER = com.codepalace.iCrypto;
				PRODUCT_NAME = "$(TARGET_NAME)";
				SWIFT_EMIT_LOC_STRINGS = YES;
				SWIFT_VERSION = 5.0;
				TARGETED_DEVICE_FAMILY = "1,2";
			};
			name = Release;
		};
/* End XCBuildConfiguration section */

/* Begin XCConfigurationList section */
		7A44ED4F27E74C5100962C5E /* Build configuration list for PBXProject "iCrypto" */ = {
			isa = XCConfigurationList;
			buildConfigurations = (
				7A44ED6027E74C5400962C5E /* Debug */,
				7A44ED6127E74C5400962C5E /* Release */,
			);
			defaultConfigurationIsVisible = 0;
			defaultConfigurationName = Release;
		};
		7A44ED6227E74C5400962C5E /* Build configuration list for PBXNativeTarget "iCrypto" */ = {
			isa = XCConfigurationList;
			buildConfigurations = (
				7A44ED6327E74C5400962C5E /* Debug */,
				7A44ED6427E74C5400962C5E /* Release */,
			);
			defaultConfigurationIsVisible = 0;
			defaultConfigurationName = Release;
		};
/* End XCConfigurationList section */
	};
	rootObject = 7A44ED4C27E74C5100962C5E /* Project object */;
}
